
Microsoft Visual Studio Solution File, Format Version 12.00
# Visual Studio Version 16
VisualStudioVersion = 16.0.29709.97
MinimumVisualStudioVersion = 10.0.40219.1
Project("{FAE04EC0-301F-11D3-BF4B-00C04F79EFBC}") = "Thread", "Thread\Thread.csproj", "{F8EA94E0-1333-4817-8555-BE00B82A8E2D}"
EndProject
Global
	GlobalSection(SolutionConfigurationPlatforms) = preSolution
		Debug|Any CPU = Debug|Any CPU
		Release|Any CPU = Release|Any CPU
	EndGlobalSection
	GlobalSection(ProjectConfigurationPlatforms) = postSolution
		{F8EA94E0-1333-4817-8555-BE00B82A8E2D}.Debug|Any CPU.ActiveCfg = Debug|Any CPU
		{F8EA94E0-1333-4817-8555-BE00B82A8E2D}.Debug|Any CPU.Build.0 = Debug|Any CPU
		{F8EA94E0-1333-4817-8555-BE00B82A8E2D}.Release|Any CPU.ActiveCfg = Release|Any CPU
		{F8EA94E0-1333-4817-8555-BE00B82A8E2D}.Release|Any CPU.Build.0 = Release|Any CPU
	EndGlobalSection
	GlobalSection(SolutionProperties) = preSolution
		HideSolutionNode = FALSE
	EndGlobalSection
	GlobalSection(ExtensibilityGlobals) = postSolution
		SolutionGuid = {318D921E-602A-45B6-8346-6ED3EE71775D}
	EndGlobalSection
EndGlobal
